// !$*UTF8*$!
{
	archiveVersion = 1;
	classes = {
	};
	objectVersion = 51;
	objects = {

/* Begin PBXBuildFile section */
		52C2FDDA079CF813C6C31A30 /* Pi.swift in Sources */ = {isa = PBXBuildFile; fileRef = 49035D777409103D01631009 /* Pi.swift */; };
		AA93ACA3F2BF29ED65AC4F13 /* OperationQueueExampleAppDelegate.swift in Sources */ = {isa = PBXBuildFile; fileRef = 1F1151C1D6B3AFE8EE63EC86 /* OperationQueueExampleAppDelegate.swift */; };
		C7A950BC58144A399823045D /* Assets.xcassets in Resources */ = {isa = PBXBuildFile; fileRef = 6B09F32393778FE37E54BA83 /* Assets.xcassets */; };
		CDAB2ECD6B69092DE1A18C22 /* BackgroundOperationViewController.swift in Sources */ = {isa = PBXBuildFile; fileRef = 5843E44210098D02628E4DF6 /* BackgroundOperationViewController.swift */; };
		D0F45C8D8C106349BA653268 /* LaunchScreen.storyboard in Resources */ = {isa = PBXBuildFile; fileRef = D47013E450A62E1A045B3A46 /* LaunchScreen.storyboard */; };
		F9645FC95DB84C76D28C567C /* Main.storyboard in Resources */ = {isa = PBXBuildFile; fileRef = 40EE70C3955CF630978ABF23 /* Main.storyboard */; };
/* End PBXBuildFile section */

/* Begin PBXFileReference section */
		0AB3B1ABFCE1F70F660A60EA /* OperationQueueExample.app */ = {isa = PBXFileReference; includeInIndex = 0; lastKnownFileType = wrapper.application; path = OperationQueueExample.app; sourceTree = BUILT_PRODUCTS_DIR; };
		1F1151C1D6B3AFE8EE63EC86 /* OperationQueueExampleAppDelegate.swift */ = {isa = PBXFileReference; lastKnownFileType = sourcecode.swift; path = OperationQueueExampleAppDelegate.swift; sourceTree = "<group>"; };
		40EE70C3955CF630978ABF23 /* Main.storyboard */ = {isa = PBXFileReference; lastKnownFileType = file.storyboard; path = Main.storyboard; sourceTree = "<group>"; };
		49035D777409103D01631009 /* Pi.swift */ = {isa = PBXFileReference; lastKnownFileType = sourcecode.swift; path = Pi.swift; sourceTree = "<group>"; };
		5843E44210098D02628E4DF6 /* BackgroundOperationViewController.swift */ = {isa = PBXFileReference; lastKnownFileType = sourcecode.swift; path = BackgroundOperationViewController.swift; sourceTree = "<group>"; };
		6B09F32393778FE37E54BA83 /* Assets.xcassets */ = {isa = PBXFileReference; lastKnownFileType = folder.assetcatalog; path = Assets.xcassets; sourceTree = "<group>"; };
		7162A659719ECC78B605B312 /* Base */ = {isa = PBXFileReference; lastKnownFileType = file.storyboard; name = Base; path = Base.lproj/LaunchScreen.storyboard; sourceTree = "<group>"; };
		EC5CA2087177CF7D0DA071CE /* Info.plist */ = {isa = PBXFileReference; lastKnownFileType = text.plist.xml; path = Info.plist; sourceTree = "<group>"; };
/* End PBXFileReference section */

/* Begin PBXGroup section */
		046D00E6A176B7E465451110 /* Model */ = {
			isa = PBXGroup;
			children = (
				49035D777409103D01631009 /* Pi.swift */,
			);
			path = Model;
			sourceTree = "<group>";
		};
		5D601534C1B2E7E7384081EC /* OperationQueueExample */ = {
			isa = PBXGroup;
			children = (
				AF40D786B1E948DB84D0ACA2 /* App */,
				7C1E52E2ED9D1FCED033A18B /* Assets */,
				5E3EC9D79B109D3E04F50517 /* Common */,
				DFD5B4F824F93B84AD17CCA7 /* Controller */,
				046D00E6A176B7E465451110 /* Model */,
			);
			path = OperationQueueExample;
			sourceTree = "<group>";
		};
		5E3EC9D79B109D3E04F50517 /* Common */ = {
			isa = PBXGroup;
			children = (
			);
			path = Common;
			sourceTree = "<group>";
		};
		72AA03F68FB2AB7A238FA8FF = {
			isa = PBXGroup;
			children = (
				5D601534C1B2E7E7384081EC /* OperationQueueExample */,
				EADBB5BD39D79A1FAB0C0169 /* Products */,
			);
			sourceTree = "<group>";
		};
		7C1E52E2ED9D1FCED033A18B /* Assets */ = {
			isa = PBXGroup;
			children = (
				6B09F32393778FE37E54BA83 /* Assets.xcassets */,
				D47013E450A62E1A045B3A46 /* LaunchScreen.storyboard */,
				40EE70C3955CF630978ABF23 /* Main.storyboard */,
			);
			path = Assets;
			sourceTree = "<group>";
		};
		AF40D786B1E948DB84D0ACA2 /* App */ = {
			isa = PBXGroup;
			children = (
				EC5CA2087177CF7D0DA071CE /* Info.plist */,
				1F1151C1D6B3AFE8EE63EC86 /* OperationQueueExampleAppDelegate.swift */,
			);
			path = App;
			sourceTree = "<group>";
		};
		DFD5B4F824F93B84AD17CCA7 /* Controller */ = {
			isa = PBXGroup;
			children = (
				5843E44210098D02628E4DF6 /* BackgroundOperationViewController.swift */,
			);
			path = Controller;
			sourceTree = "<group>";
		};
		EADBB5BD39D79A1FAB0C0169 /* Products */ = {
			isa = PBXGroup;
			children = (
				0AB3B1ABFCE1F70F660A60EA /* OperationQueueExample.app */,
			);
			name = Products;
			sourceTree = "<group>";
		};
/* End PBXGroup section */

/* Begin PBXNativeTarget section */
		01143193DD06A524683C6F70 /* OperationQueueExample */ = {
			isa = PBXNativeTarget;
			buildConfigurationList = 81B4C780D0C2ECB55661E7C7 /* Build configuration list for PBXNativeTarget "OperationQueueExample" */;
			buildPhases = (
				821F9E868C4D900A5999F721 /* Sources */,
				041C1D94EE06F5937CB7C1B6 /* Resources */,
			);
			buildRules = (
			);
			dependencies = (
			);
			name = OperationQueueExample;
			productName = OperationQueueExample;
			productReference = 0AB3B1ABFCE1F70F660A60EA /* OperationQueueExample.app */;
			productType = "com.apple.product-type.application";
		};
/* End PBXNativeTarget section */

/* Begin PBXProject section */
		DA057707249A1A72C9CFD6F6 /* Project object */ = {
			isa = PBXProject;
			attributes = {
				LastUpgradeCheck = 1020;
			};
			buildConfigurationList = F71EC81DBC54CC67A9AA19CC /* Build configuration list for PBXProject "OperationQueueExample" */;
			compatibilityVersion = "Xcode 10.0";
			developmentRegion = en;
			hasScannedForEncodings = 0;
			knownRegions = (
				en,
				Base,
			);
			mainGroup = 72AA03F68FB2AB7A238FA8FF;
			projectDirPath = "";
			projectRoot = "";
			targets = (
				01143193DD06A524683C6F70 /* OperationQueueExample */,
			);
		};
/* End PBXProject section */

/* Begin PBXResourcesBuildPhase section */
		041C1D94EE06F5937CB7C1B6 /* Resources */ = {
			isa = PBXResourcesBuildPhase;
			buildActionMask = 2147483647;
			files = (
				C7A950BC58144A399823045D /* Assets.xcassets in Resources */,
				D0F45C8D8C106349BA653268 /* LaunchScreen.storyboard in Resources */,
				F9645FC95DB84C76D28C567C /* Main.storyboard in Resources */,
			);
			runOnlyForDeploymentPostprocessing = 0;
		};
/* End PBXResourcesBuildPhase section */

/* Begin PBXSourcesBuildPhase section */
		821F9E868C4D900A5999F721 /* Sources */ = {
			isa = PBXSourcesBuildPhase;
			buildActionMask = 2147483647;
			files = (
				AA93ACA3F2BF29ED65AC4F13 /* OperationQueueExampleAppDelegate.swift in Sources */,
				52C2FDDA079CF813C6C31A30 /* Pi.swift in Sources */,
				CDAB2ECD6B69092DE1A18C22 /* BackgroundOperationViewController.swift in Sources */,
			);
			runOnlyForDeploymentPostprocessing = 0;
		};
/* End PBXSourcesBuildPhase section */

/* Begin PBXVariantGroup section */
		D47013E450A62E1A045B3A46 /* LaunchScreen.storyboard */ = {
			isa = PBXVariantGroup;
			children = (
				7162A659719ECC78B605B312 /* Base */,
			);
			name = LaunchScreen.storyboard;
			sourceTree = "<group>";
		};
/* End PBXVariantGroup section */

/* Begin XCBuildConfiguration section */
		313305176F461C8CCB7D9F9E /* Debug */ = {
			isa = XCBuildConfiguration;
			buildSettings = {
				ASSETCATALOG_COMPILER_APPICON_NAME = AppIcon;
				CODE_SIGN_IDENTITY = "iPhone Developer";
				INFOPLIST_FILE = OperationQueueExample/App/Info.plist;
				LD_RUNPATH_SEARCH_PATHS = (
					"$(inherited)",
					"@executable_path/Frameworks",
				);
				PRODUCT_BUNDLE_IDENTIFIER = com.example.OperationQueueExample;
				SDKROOT = iphoneos;
				SWIFT_VERSION = 5.0;
				TARGETED_DEVICE_FAMILY = "1,2";
			};
			name = Debug;
		};
		4134B2B8BA70C30455910953 /* Release */ = {
			isa = XCBuildConfiguration;
			buildSettings = {
				ALWAYS_SEARCH_USER_PATHS = NO;
				CLANG_ANALYZER_NONNULL = YES;
				CLANG_ANALYZER_NUMBER_OBJECT_CONVERSION = YES_AGGRESSIVE;
				CLANG_CXX_LANGUAGE_STANDARD = "gnu++14";
				CLANG_CXX_LIBRARY = "libc++";
				CLANG_ENABLE_MODULES = YES;
				CLANG_ENABLE_OBJC_ARC = YES;
				CLANG_WARN_BLOCK_CAPTURE_AUTORELEASING = YES;
				CLANG_WARN_BOOL_CONVERSION = YES;
				CLANG_WARN_COMMA = YES;
				CLANG_WARN_CONSTANT_CONVERSION = YES;
				CLANG_WARN_DEPRECATED_OBJC_IMPLEMENTATIONS = YES;
				CLANG_WARN_DIRECT_OBJC_ISA_USAGE = YES_ERROR;
				CLANG_WARN_DOCUMENTATION_COMMENTS = YES;
				CLANG_WARN_EMPTY_BODY = YES;
				CLANG_WARN_ENUM_CONVERSION = YES;
				CLANG_WARN_INFINITE_RECURSION = YES;
				CLANG_WARN_INT_CONVERSION = YES;
				CLANG_WARN_NON_LITERAL_NULL_CONVERSION = YES;
				CLANG_WARN_OBJC_IMPLICIT_RETAIN_SELF = YES;
				CLANG_WARN_OBJC_LITERAL_CONVERSION = YES;
				CLANG_WARN_OBJC_ROOT_CLASS = YES_ERROR;
				CLANG_WARN_RANGE_LOOP_ANALYSIS = YES;
				CLANG_WARN_STRICT_PROTOTYPES = YES;
				CLANG_WARN_SUSPICIOUS_MOVE = YES;
				CLANG_WARN_UNGUARDED_AVAILABILITY = YES_AGGRESSIVE;
				CLANG_WARN_UNREACHABLE_CODE = YES;
				CLANG_WARN__DUPLICATE_METHOD_MATCH = YES;
				COPY_PHASE_STRIP = NO;
				DEBUG_INFORMATION_FORMAT = "dwarf-with-dsym";
				ENABLE_NS_ASSERTIONS = NO;
				ENABLE_STRICT_OBJC_MSGSEND = YES;
				GCC_C_LANGUAGE_STANDARD = gnu11;
				GCC_NO_COMMON_BLOCKS = YES;
				GCC_WARN_64_TO_32_BIT_CONVERSION = YES;
				GCC_WARN_ABOUT_RETURN_TYPE = YES_ERROR;
				GCC_WARN_UNDECLARED_SELECTOR = YES;
				GCC_WARN_UNINITIALIZED_AUTOS = YES_AGGRESSIVE;
				GCC_WARN_UNUSED_FUNCTION = YES;
				GCC_WARN_UNUSED_VARIABLE = YES;
				IPHONEOS_DEPLOYMENT_TARGET = 10.0;
				PRODUCT_NAME = "$(TARGET_NAME)";
				SDKROOT = iphoneos;
				SWIFT_COMPILATION_MODE = wholemodule;
				SWIFT_VERSION = 5.0;
				VALIDATE_PRODUCT = YES;
			};
			name = Release;
		};
		C0ECB96818C1C4BD2D025216 /* Debug */ = {
			isa = XCBuildConfiguration;
			buildSettings = {
				ALWAYS_SEARCH_USER_PATHS = NO;
				CLANG_ANALYZER_NONNULL = YES;
				CLANG_ANALYZER_NUMBER_OBJECT_CONVERSION = YES_AGGRESSIVE;
				CLANG_CXX_LANGUAGE_STANDARD = "gnu++14";
				CLANG_CXX_LIBRARY = "libc++";
				CLANG_ENABLE_MODULES = YES;
				CLANG_ENABLE_OBJC_ARC = YES;
				CLANG_WARN_BLOCK_CAPTURE_AUTORELEASING = YES;
				CLANG_WARN_BOOL_CONVERSION = YES;
				CLANG_WARN_COMMA = YES;
				CLANG_WARN_CONSTANT_CONVERSION = YES;
				CLANG_WARN_DEPRECATED_OBJC_IMPLEMENTATIONS = YES;
				CLANG_WARN_DIRECT_OBJC_ISA_USAGE = YES_ERROR;
				CLANG_WARN_DOCUMENTATION_COMMENTS = YES;
				CLANG_WARN_EMPTY_BODY = YES;
				CLANG_WARN_ENUM_CONVERSION = YES;
				CLANG_WARN_INFINITE_RECURSION = YES;
				CLANG_WARN_INT_CONVERSION = YES;
				CLANG_WARN_NON_LITERAL_NULL_CONVERSION = YES;
				CLANG_WARN_OBJC_IMPLICIT_RETAIN_SELF = YES;
				CLANG_WARN_OBJC_LITERAL_CONVERSION = YES;
				CLANG_WARN_OBJC_ROOT_CLASS = YES_ERROR;
				CLANG_WARN_RANGE_LOOP_ANALYSIS = YES;
				CLANG_WARN_STRICT_PROTOTYPES = YES;
				CLANG_WARN_SUSPICIOUS_MOVE = YES;
				CLANG_WARN_UNGUARDED_AVAILABILITY = YES_AGGRESSIVE;
				CLANG_WARN_UNREACHABLE_CODE = YES;
				CLANG_WARN__DUPLICATE_METHOD_MATCH = YES;
				COPY_PHASE_STRIP = NO;
				DEBUG_INFORMATION_FORMAT = dwarf;
				ENABLE_STRICT_OBJC_MSGSEND = YES;
				ENABLE_TESTABILITY = YES;
				GCC_C_LANGUAGE_STANDARD = gnu11;
				GCC_DYNAMIC_NO_PIC = NO;
				GCC_NO_COMMON_BLOCKS = YES;
				GCC_OPTIMIZATION_LEVEL = 0;
				GCC_PREPROCESSOR_DEFINITIONS = (
					"$(inherited)",
					"DEBUG=1",
				);
				GCC_WARN_64_TO_32_BIT_CONVERSION = YES;
				GCC_WARN_ABOUT_RETURN_TYPE = YES_ERROR;
				GCC_WARN_UNDECLARED_SELECTOR = YES;
				GCC_WARN_UNINITIALIZED_AUTOS = YES_AGGRESSIVE;
				GCC_WARN_UNUSED_FUNCTION = YES;
				GCC_WARN_UNUSED_VARIABLE = YES;
				IPHONEOS_DEPLOYMENT_TARGET = 10.0;
				MTL_ENABLE_DEBUG_INFO = YES;
				ONLY_ACTIVE_ARCH = YES;
				PRODUCT_NAME = "$(TARGET_NAME)";
				SDKROOT = iphoneos;
				SWIFT_ACTIVE_COMPILATION_CONDITIONS = DEBUG;
				SWIFT_OPTIMIZATION_LEVEL = "-Onone";
				SWIFT_VERSION = 5.0;
			};
			name = Debug;
		};
		C3DF8D9A627E9108F4EA49B3 /* Release */ = {
			isa = XCBuildConfiguration;
			buildSettings = {
				ASSETCATALOG_COMPILER_APPICON_NAME = AppIcon;
				CODE_SIGN_IDENTITY = "iPhone Developer";
				INFOPLIST_FILE = OperationQueueExample/App/Info.plist;
				LD_RUNPATH_SEARCH_PATHS = (
					"$(inherited)",
					"@executable_path/Frameworks",
				);
				PRODUCT_BUNDLE_IDENTIFIER = com.example.OperationQueueExample;
				SDKROOT = iphoneos;
				SWIFT_VERSION = 5.0;
				TARGETED_DEVICE_FAMILY = "1,2";
			};
			name = Release;
		};
/* End XCBuildConfiguration section */

/* Begin XCConfigurationList section */
		81B4C780D0C2ECB55661E7C7 /* Build configuration list for PBXNativeTarget "OperationQueueExample" */ = {
			isa = XCConfigurationList;
			buildConfigurations = (
				313305176F461C8CCB7D9F9E /* Debug */,
				C3DF8D9A627E9108F4EA49B3 /* Release */,
			);
			defaultConfigurationIsVisible = 0;
			defaultConfigurationName = "";
		};
		F71EC81DBC54CC67A9AA19CC /* Build configuration list for PBXProject "OperationQueueExample" */ = {
			isa = XCConfigurationList;
			buildConfigurations = (
				C0ECB96818C1C4BD2D025216 /* Debug */,
				4134B2B8BA70C30455910953 /* Release */,
			);
			defaultConfigurationIsVisible = 0;
			defaultConfigurationName = Debug;
		};
/* End XCConfigurationList section */
	};
	rootObject = DA057707249A1A72C9CFD6F6 /* Project object */;
}
